
Microsoft Visual Studio Solution File, Format Version 12.00
# Visual Studio Version 17
VisualStudioVersion = 17.3.32811.315
MinimumVisualStudioVersion = 10.0.40219.1
Project("{FAE04EC0-301F-11D3-BF4B-00C04F79EFBC}") = "Bin08", "Bin08\Bin08.csproj", "{F35DFA3C-EA18-4A1B-BB36-C5B53B6807E5}"
EndProject
Global
	GlobalSection(SolutionConfigurationPlatforms) = preSolution
		Debug|Any CPU = Debug|Any CPU
		Release|Any CPU = Release|Any CPU
	EndGlobalSection
	GlobalSection(ProjectConfigurationPlatforms) = postSolution
		{F35DFA3C-EA18-4A1B-BB36-C5B53B6807E5}.Debug|Any CPU.ActiveCfg = Debug|Any CPU
		{F35DFA3C-EA18-4A1B-BB36-C5B53B6807E5}.Debug|Any CPU.Build.0 = Debug|Any CPU
		{F35DFA3C-EA18-4A1B-BB36-C5B53B6807E5}.Release|Any CPU.ActiveCfg = Release|Any CPU
		{F35DFA3C-EA18-4A1B-BB36-C5B53B6807E5}.Release|Any CPU.Build.0 = Release|Any CPU
	EndGlobalSection
	GlobalSection(SolutionProperties) = preSolution
		HideSolutionNode = FALSE
	EndGlobalSection
	GlobalSection(ExtensibilityGlobals) = postSolution
		SolutionGuid = {F5BF1010-2762-42A9-A220-29ECFF8D630A}
	EndGlobalSection
EndGlobal
